
Microsoft Visual Studio Solution File, Format Version 12.00
# Visual Studio Version 16
VisualStudioVersion = 16.0.30621.155
MinimumVisualStudioVersion = 10.0.40219.1
Project("{9A19103F-16F7-4668-BE54-9A1E7A4F7556}") = "Kontrollstrukturen", "Kontrollstrukturen\Kontrollstrukturen.csproj", "{A306BAC4-90B8-4C7F-A584-CF1D1DA313D7}"
EndProject
Project("{9A19103F-16F7-4668-BE54-9A1E7A4F7556}") = "Datentypen", "Datentypen\Datentypen.csproj", "{4D8145B8-7B83-498F-90E7-209376DD113C}"
EndProject
Project("{9A19103F-16F7-4668-BE54-9A1E7A4F7556}") = "Methoden", "Methoden\Methoden.csproj", "{4C84CFB2-2236-4E31-B094-26BCC28AFD15}"
EndProject
Project("{2150E333-8FDC-42A3-9474-1A3956D46DE8}") = "NewFolder1", "NewFolder1", "{5A11FEA0-9618-4D77-BDEA-CD50A5EB1BB3}"
EndProject
Project("{2150E333-8FDC-42A3-9474-1A3956D46DE8}") = "Solution Items", "Solution Items", "{4BEDA871-AB95-4ACB-A1AA-7E9519F0129C}"
	ProjectSection(SolutionItems) = preProject
		.editorconfig = .editorconfig
	EndProjectSection
EndProject
Project("{9A19103F-16F7-4668-BE54-9A1E7A4F7556}") = "Übungesaufgaben", "Übungesaufgaben\Übungesaufgaben.csproj", "{34D8C94E-43DF-46CE-9A93-8F2540AC13FB}"
EndProject
Project("{9A19103F-16F7-4668-BE54-9A1E7A4F7556}") = "Objekte", "Objekte\Objekte.csproj", "{8A733325-A1A0-4A0C-9B22-668D79E71C69}"
EndProject
Project("{9A19103F-16F7-4668-BE54-9A1E7A4F7556}") = "Taschenrechner", "Taschenrechner\Taschenrechner.csproj", "{DC05B1B9-0342-4412-A3F1-D481AA006E74}"
EndProject
Project("{9A19103F-16F7-4668-BE54-9A1E7A4F7556}") = "Kaffeeautomat", "KaffeeAutomat\Kaffeeautomat.csproj", "{24280216-0CB6-4926-A7FB-10FBFDA8BC53}"
EndProject
Project("{9A19103F-16F7-4668-BE54-9A1E7A4F7556}") = "Geldautomat", "Geldautomat\Geldautomat.csproj", "{DAEA1EA2-5992-4460-A636-8C760F27EA78}"
EndProject
Project("{FAE04EC0-301F-11D3-BF4B-00C04F79EFBC}") = "TicTacToe", "TicTacToe\TicTacToe.csproj", "{8BC28B41-BA57-436C-87F7-E3F8ED3F1067}"
EndProject
Global
	GlobalSection(SolutionConfigurationPlatforms) = preSolution
		Debug|Any CPU = Debug|Any CPU
		Release|Any CPU = Release|Any CPU
	EndGlobalSection
	GlobalSection(ProjectConfigurationPlatforms) = postSolution
		{A306BAC4-90B8-4C7F-A584-CF1D1DA313D7}.Debug|Any CPU.ActiveCfg = Debug|Any CPU
		{A306BAC4-90B8-4C7F-A584-CF1D1DA313D7}.Debug|Any CPU.Build.0 = Debug|Any CPU
		{A306BAC4-90B8-4C7F-A584-CF1D1DA313D7}.Release|Any CPU.ActiveCfg = Release|Any CPU
		{A306BAC4-90B8-4C7F-A584-CF1D1DA313D7}.Release|Any CPU.Build.0 = Release|Any CPU
		{4D8145B8-7B83-498F-90E7-209376DD113C}.Debug|Any CPU.ActiveCfg = Debug|Any CPU
		{4D8145B8-7B83-498F-90E7-209376DD113C}.Debug|Any CPU.Build.0 = Debug|Any CPU
		{4D8145B8-7B83-498F-90E7-209376DD113C}.Release|Any CPU.ActiveCfg = Release|Any CPU
		{4D8145B8-7B83-498F-90E7-209376DD113C}.Release|Any CPU.Build.0 = Release|Any CPU
		{4C84CFB2-2236-4E31-B094-26BCC28AFD15}.Debug|Any CPU.ActiveCfg = Debug|Any CPU
		{4C84CFB2-2236-4E31-B094-26BCC28AFD15}.Debug|Any CPU.Build.0 = Debug|Any CPU
		{4C84CFB2-2236-4E31-B094-26BCC28AFD15}.Release|Any CPU.ActiveCfg = Release|Any CPU
		{4C84CFB2-2236-4E31-B094-26BCC28AFD15}.Release|Any CPU.Build.0 = Release|Any CPU
		{34D8C94E-43DF-46CE-9A93-8F2540AC13FB}.Debug|Any CPU.ActiveCfg = Debug|Any CPU
		{34D8C94E-43DF-46CE-9A93-8F2540AC13FB}.Debug|Any CPU.Build.0 = Debug|Any CPU
		{34D8C94E-43DF-46CE-9A93-8F2540AC13FB}.Release|Any CPU.ActiveCfg = Release|Any CPU
		{34D8C94E-43DF-46CE-9A93-8F2540AC13FB}.Release|Any CPU.Build.0 = Release|Any CPU
		{8A733325-A1A0-4A0C-9B22-668D79E71C69}.Debug|Any CPU.ActiveCfg = Debug|Any CPU
		{8A733325-A1A0-4A0C-9B22-668D79E71C69}.Debug|Any CPU.Build.0 = Debug|Any CPU
		{8A733325-A1A0-4A0C-9B22-668D79E71C69}.Release|Any CPU.ActiveCfg = Release|Any CPU
		{8A733325-A1A0-4A0C-9B22-668D79E71C69}.Release|Any CPU.Build.0 = Release|Any CPU
		{DC05B1B9-0342-4412-A3F1-D481AA006E74}.Debug|Any CPU.ActiveCfg = Debug|Any CPU
		{DC05B1B9-0342-4412-A3F1-D481AA006E74}.Debug|Any CPU.Build.0 = Debug|Any CPU
		{DC05B1B9-0342-4412-A3F1-D481AA006E74}.Release|Any CPU.ActiveCfg = Release|Any CPU
		{DC05B1B9-0342-4412-A3F1-D481AA006E74}.Release|Any CPU.Build.0 = Release|Any CPU
		{24280216-0CB6-4926-A7FB-10FBFDA8BC53}.Debug|Any CPU.ActiveCfg = Debug|Any CPU
		{24280216-0CB6-4926-A7FB-10FBFDA8BC53}.Debug|Any CPU.Build.0 = Debug|Any CPU
		{24280216-0CB6-4926-A7FB-10FBFDA8BC53}.Release|Any CPU.ActiveCfg = Release|Any CPU
		{24280216-0CB6-4926-A7FB-10FBFDA8BC53}.Release|Any CPU.Build.0 = Release|Any CPU
		{DAEA1EA2-5992-4460-A636-8C760F27EA78}.Debug|Any CPU.ActiveCfg = Debug|Any CPU
		{DAEA1EA2-5992-4460-A636-8C760F27EA78}.Debug|Any CPU.Build.0 = Debug|Any CPU
		{DAEA1EA2-5992-4460-A636-8C760F27EA78}.Release|Any CPU.ActiveCfg = Release|Any CPU
		{DAEA1EA2-5992-4460-A636-8C760F27EA78}.Release|Any CPU.Build.0 = Release|Any CPU
		{8BC28B41-BA57-436C-87F7-E3F8ED3F1067}.Debug|Any CPU.ActiveCfg = Debug|Any CPU
		{8BC28B41-BA57-436C-87F7-E3F8ED3F1067}.Debug|Any CPU.Build.0 = Debug|Any CPU
		{8BC28B41-BA57-436C-87F7-E3F8ED3F1067}.Release|Any CPU.ActiveCfg = Release|Any CPU
		{8BC28B41-BA57-436C-87F7-E3F8ED3F1067}.Release|Any CPU.Build.0 = Release|Any CPU
	EndGlobalSection
	GlobalSection(SolutionProperties) = preSolution
		HideSolutionNode = FALSE
	EndGlobalSection
	GlobalSection(ExtensibilityGlobals) = postSolution
		SolutionGuid = {20421F7F-8242-4850-A5C6-2FAEEAA03403}
	EndGlobalSection
EndGlobal
